// !$*UTF8*$!
{
	archiveVersion = 1;
	classes = {
	};
	objectVersion = 46;
	objects = {

/* Begin PBXBuildFile section */
		A6FDDC9A1F4D22F800C86620 /* main.m in Sources */ = {isa = PBXBuildFile; fileRef = A6FDDC991F4D22F800C86620 /* main.m */; };
		A6FDDC9D1F4D22F800C86620 /* AppDelegate.m in Sources */ = {isa = PBXBuildFile; fileRef = A6FDDC9C1F4D22F800C86620 /* AppDelegate.m */; };
		A6FDDCA01F4D22F800C86620 /* ViewController.m in Sources */ = {isa = PBXBuildFile; fileRef = A6FDDC9F1F4D22F800C86620 /* ViewController.m */; };
		A6FDDCA31F4D22F800C86620 /* Main.storyboard in Resources */ = {isa = PBXBuildFile; fileRef = A6FDDCA11F4D22F800C86620 /* Main.storyboard */; };
		A6FDDCA51F4D22F800C86620 /* Assets.xcassets in Resources */ = {isa = PBXBuildFile; fileRef = A6FDDCA41F4D22F800C86620 /* Assets.xcassets */; };
		A6FDDCA81F4D22F800C86620 /* LaunchScreen.storyboard in Resources */ = {isa = PBXBuildFile; fileRef = A6FDDCA61F4D22F800C86620 /* LaunchScreen.storyboard */; };
		A6FDDCB21F4D269E00C86620 /* BXHSlideShowItem.m in Sources */ = {isa = PBXBuildFile; fileRef = A6FDDCB11F4D269E00C86620 /* BXHSlideShowItem.m */; };
		A6FDDCB51F4D26AC00C86620 /* BXHSlideShowView.m in Sources */ = {isa = PBXBuildFile; fileRef = A6FDDCB41F4D26AC00C86620 /* BXHSlideShowView.m */; };
		A6FDDCB81F4D4DD200C86620 /* UIView+BXHMyView.m in Sources */ = {isa = PBXBuildFile; fileRef = A6FDDCB71F4D4DD200C86620 /* UIView+BXHMyView.m */; };
		A6FDDCBB1F4D5C7300C86620 /* MyImageItem.m in Sources */ = {isa = PBXBuildFile; fileRef = A6FDDCBA1F4D5C7300C86620 /* MyImageItem.m */; };
		A6FDDCBE1F4D626500C86620 /* AFNetWorkSDK.framework in Frameworks */ = {isa = PBXBuildFile; fileRef = A6FDDCBC1F4D626500C86620 /* AFNetWorkSDK.framework */; };
		A6FDDCBF1F4D626500C86620 /* BXHNetWorkSDK.framework in Frameworks */ = {isa = PBXBuildFile; fileRef = A6FDDCBD1F4D626500C86620 /* BXHNetWorkSDK.framework */; };
		A6FDDCC21F4D628C00C86620 /* libsqlite3.tbd in Frameworks */ = {isa = PBXBuildFile; fileRef = A6FDDCC11F4D628C00C86620 /* libsqlite3.tbd */; };
		A6FDDCC51F4D694700C86620 /* NSTimer+Addition.m in Sources */ = {isa = PBXBuildFile; fileRef = A6FDDCC41F4D694700C86620 /* NSTimer+Addition.m */; };
/* End PBXBuildFile section */

/* Begin PBXFileReference section */
		A6FDDC951F4D22F800C86620 /* BXHSlideshow.app */ = {isa = PBXFileReference; explicitFileType = wrapper.application; includeInIndex = 0; path = BXHSlideshow.app; sourceTree = BUILT_PRODUCTS_DIR; };
		A6FDDC991F4D22F800C86620 /* main.m */ = {isa = PBXFileReference; lastKnownFileType = sourcecode.c.objc; path = main.m; sourceTree = "<group>"; };
		A6FDDC9B1F4D22F800C86620 /* AppDelegate.h */ = {isa = PBXFileReference; lastKnownFileType = sourcecode.c.h; path = AppDelegate.h; sourceTree = "<group>"; };
		A6FDDC9C1F4D22F800C86620 /* AppDelegate.m */ = {isa = PBXFileReference; lastKnownFileType = sourcecode.c.objc; path = AppDelegate.m; sourceTree = "<group>"; };
		A6FDDC9E1F4D22F800C86620 /* ViewController.h */ = {isa = PBXFileReference; lastKnownFileType = sourcecode.c.h; path = ViewController.h; sourceTree = "<group>"; };
		A6FDDC9F1F4D22F800C86620 /* ViewController.m */ = {isa = PBXFileReference; lastKnownFileType = sourcecode.c.objc; path = ViewController.m; sourceTree = "<group>"; };
		A6FDDCA21F4D22F800C86620 /* Base */ = {isa = PBXFileReference; lastKnownFileType = file.storyboard; name = Base; path = Base.lproj/Main.storyboard; sourceTree = "<group>"; };
		A6FDDCA41F4D22F800C86620 /* Assets.xcassets */ = {isa = PBXFileReference; lastKnownFileType = folder.assetcatalog; path = Assets.xcassets; sourceTree = "<group>"; };
		A6FDDCA71F4D22F800C86620 /* Base */ = {isa = PBXFileReference; lastKnownFileType = file.storyboard; name = Base; path = Base.lproj/LaunchScreen.storyboard; sourceTree = "<group>"; };
		A6FDDCA91F4D22F800C86620 /* Info.plist */ = {isa = PBXFileReference; lastKnownFileType = text.plist.xml; path = Info.plist; sourceTree = "<group>"; };
		A6FDDCB01F4D269E00C86620 /* BXHSlideShowItem.h */ = {isa = PBXFileReference; fileEncoding = 4; lastKnownFileType = sourcecode.c.h; path = BXHSlideShowItem.h; sourceTree = "<group>"; };
		A6FDDCB11F4D269E00C86620 /* BXHSlideShowItem.m */ = {isa = PBXFileReference; fileEncoding = 4; lastKnownFileType = sourcecode.c.objc; path = BXHSlideShowItem.m; sourceTree = "<group>"; };
		A6FDDCB31F4D26AC00C86620 /* BXHSlideShowView.h */ = {isa = PBXFileReference; fileEncoding = 4; lastKnownFileType = sourcecode.c.h; path = BXHSlideShowView.h; sourceTree = "<group>"; };
		A6FDDCB41F4D26AC00C86620 /* BXHSlideShowView.m */ = {isa = PBXFileReference; fileEncoding = 4; lastKnownFileType = sourcecode.c.objc; path = BXHSlideShowView.m; sourceTree = "<group>"; };
		A6FDDCB61F4D4DD200C86620 /* UIView+BXHMyView.h */ = {isa = PBXFileReference; fileEncoding = 4; lastKnownFileType = sourcecode.c.h; path = "UIView+BXHMyView.h"; sourceTree = "<group>"; };
		A6FDDCB71F4D4DD200C86620 /* UIView+BXHMyView.m */ = {isa = PBXFileReference; fileEncoding = 4; lastKnownFileType = sourcecode.c.objc; path = "UIView+BXHMyView.m"; sourceTree = "<group>"; };
		A6FDDCB91F4D5C7300C86620 /* MyImageItem.h */ = {isa = PBXFileReference; fileEncoding = 4; lastKnownFileType = sourcecode.c.h; path = MyImageItem.h; sourceTree = "<group>"; };
		A6FDDCBA1F4D5C7300C86620 /* MyImageItem.m */ = {isa = PBXFileReference; fileEncoding = 4; lastKnownFileType = sourcecode.c.objc; path = MyImageItem.m; sourceTree = "<group>"; };
		A6FDDCBC1F4D626500C86620 /* AFNetWorkSDK.framework */ = {isa = PBXFileReference; lastKnownFileType = wrapper.framework; path = AFNetWorkSDK.framework; sourceTree = "<group>"; };
		A6FDDCBD1F4D626500C86620 /* BXHNetWorkSDK.framework */ = {isa = PBXFileReference; lastKnownFileType = wrapper.framework; path = BXHNetWorkSDK.framework; sourceTree = "<group>"; };
		A6FDDCC11F4D628C00C86620 /* libsqlite3.tbd */ = {isa = PBXFileReference; lastKnownFileType = "sourcecode.text-based-dylib-definition"; name = libsqlite3.tbd; path = usr/lib/libsqlite3.tbd; sourceTree = SDKROOT; };
		A6FDDCC31F4D694700C86620 /* NSTimer+Addition.h */ = {isa = PBXFileReference; fileEncoding = 4; lastKnownFileType = sourcecode.c.h; path = "NSTimer+Addition.h"; sourceTree = "<group>"; };
		A6FDDCC41F4D694700C86620 /* NSTimer+Addition.m */ = {isa = PBXFileReference; fileEncoding = 4; lastKnownFileType = sourcecode.c.objc; path = "NSTimer+Addition.m"; sourceTree = "<group>"; };
/* End PBXFileReference section */

/* Begin PBXFrameworksBuildPhase section */
		A6FDDC921F4D22F800C86620 /* Frameworks */ = {
			isa = PBXFrameworksBuildPhase;
			buildActionMask = 2147483647;
			files = (
				A6FDDCC21F4D628C00C86620 /* libsqlite3.tbd in Frameworks */,
				A6FDDCBE1F4D626500C86620 /* AFNetWorkSDK.framework in Frameworks */,
				A6FDDCBF1F4D626500C86620 /* BXHNetWorkSDK.framework in Frameworks */,
			);
			runOnlyForDeploymentPostprocessing = 0;
		};
/* End PBXFrameworksBuildPhase section */

/* Begin PBXGroup section */
		A6FDDC8C1F4D22F800C86620 = {
			isa = PBXGroup;
			children = (
				A6FDDC971F4D22F800C86620 /* BXHSlideshow */,
				A6FDDC961F4D22F800C86620 /* Products */,
				A6FDDCC01F4D628C00C86620 /* Frameworks */,
			);
			sourceTree = "<group>";
		};
		A6FDDC961F4D22F800C86620 /* Products */ = {
			isa = PBXGroup;
			children = (
				A6FDDC951F4D22F800C86620 /* BXHSlideshow.app */,
			);
			name = Products;
			sourceTree = "<group>";
		};
		A6FDDC971F4D22F800C86620 /* BXHSlideshow */ = {
			isa = PBXGroup;
			children = (
				A6FDDCC31F4D694700C86620 /* NSTimer+Addition.h */,
				A6FDDCC41F4D694700C86620 /* NSTimer+Addition.m */,
				A6FDDCBC1F4D626500C86620 /* AFNetWorkSDK.framework */,
				A6FDDCBD1F4D626500C86620 /* BXHNetWorkSDK.framework */,
				A6FDDCAF1F4D267A00C86620 /* BXHSlideShow */,
				A6FDDC9B1F4D22F800C86620 /* AppDelegate.h */,
				A6FDDC9C1F4D22F800C86620 /* AppDelegate.m */,
				A6FDDC9E1F4D22F800C86620 /* ViewController.h */,
				A6FDDC9F1F4D22F800C86620 /* ViewController.m */,
				A6FDDCA11F4D22F800C86620 /* Main.storyboard */,
				A6FDDCA41F4D22F800C86620 /* Assets.xcassets */,
				A6FDDCA61F4D22F800C86620 /* LaunchScreen.storyboard */,
				A6FDDCA91F4D22F800C86620 /* Info.plist */,
				A6FDDC981F4D22F800C86620 /* Supporting Files */,
			);
			path = BXHSlideshow;
			sourceTree = "<group>";
		};
		A6FDDC981F4D22F800C86620 /* Supporting Files */ = {
			isa = PBXGroup;
			children = (
				A6FDDC991F4D22F800C86620 /* main.m */,
			);
			name = "Supporting Files";
			sourceTree = "<group>";
		};
		A6FDDCAF1F4D267A00C86620 /* BXHSlideShow */ = {
			isa = PBXGroup;
			children = (
				A6FDDCB61F4D4DD200C86620 /* UIView+BXHMyView.h */,
				A6FDDCB71F4D4DD200C86620 /* UIView+BXHMyView.m */,
				A6FDDCB01F4D269E00C86620 /* BXHSlideShowItem.h */,
				A6FDDCB11F4D269E00C86620 /* BXHSlideShowItem.m */,
				A6FDDCB31F4D26AC00C86620 /* BXHSlideShowView.h */,
				A6FDDCB41F4D26AC00C86620 /* BXHSlideShowView.m */,
				A6FDDCB91F4D5C7300C86620 /* MyImageItem.h */,
				A6FDDCBA1F4D5C7300C86620 /* MyImageItem.m */,
			);
			name = BXHSlideShow;
			sourceTree = "<group>";
		};
		A6FDDCC01F4D628C00C86620 /* Frameworks */ = {
			isa = PBXGroup;
			children = (
				A6FDDCC11F4D628C00C86620 /* libsqlite3.tbd */,
			);
			name = Frameworks;
			sourceTree = "<group>";
		};
/* End PBXGroup section */

/* Begin PBXNativeTarget section */
		A6FDDC941F4D22F800C86620 /* BXHSlideshow */ = {
			isa = PBXNativeTarget;
			buildConfigurationList = A6FDDCAC1F4D22F800C86620 /* Build configuration list for PBXNativeTarget "BXHSlideshow" */;
			buildPhases = (
				A6FDDC911F4D22F800C86620 /* Sources */,
				A6FDDC921F4D22F800C86620 /* Frameworks */,
				A6FDDC931F4D22F800C86620 /* Resources */,
			);
			buildRules = (
			);
			dependencies = (
			);
			name = BXHSlideshow;
			productName = BXHSlideshow;
			productReference = A6FDDC951F4D22F800C86620 /* BXHSlideshow.app */;
			productType = "com.apple.product-type.application";
		};
/* End PBXNativeTarget section */

/* Begin PBXProject section */
		A6FDDC8D1F4D22F800C86620 /* Project object */ = {
			isa = PBXProject;
			attributes = {
				LastUpgradeCheck = 0830;
				ORGANIZATIONNAME = "步晓虎";
				TargetAttributes = {
					A6FDDC941F4D22F800C86620 = {
						CreatedOnToolsVersion = 8.3.3;
						ProvisioningStyle = Manual;
					};
				};
			};
			buildConfigurationList = A6FDDC901F4D22F800C86620 /* Build configuration list for PBXProject "BXHSlideshow" */;
			compatibilityVersion = "Xcode 3.2";
			developmentRegion = English;
			hasScannedForEncodings = 0;
			knownRegions = (
				en,
				Base,
			);
			mainGroup = A6FDDC8C1F4D22F800C86620;
			productRefGroup = A6FDDC961F4D22F800C86620 /* Products */;
			projectDirPath = "";
			projectRoot = "";
			targets = (
				A6FDDC941F4D22F800C86620 /* BXHSlideshow */,
			);
		};
/* End PBXProject section */

/* Begin PBXResourcesBuildPhase section */
		A6FDDC931F4D22F800C86620 /* Resources */ = {
			isa = PBXResourcesBuildPhase;
			buildActionMask = 2147483647;
			files = (
				A6FDDCA81F4D22F800C86620 /* LaunchScreen.storyboard in Resources */,
				A6FDDCA51F4D22F800C86620 /* Assets.xcassets in Resources */,
				A6FDDCA31F4D22F800C86620 /* Main.storyboard in Resources */,
			);
			runOnlyForDeploymentPostprocessing = 0;
		};
/* End PBXResourcesBuildPhase section */

/* Begin PBXSourcesBuildPhase section */
		A6FDDC911F4D22F800C86620 /* Sources */ = {
			isa = PBXSourcesBuildPhase;
			buildActionMask = 2147483647;
			files = (
				A6FDDCB81F4D4DD200C86620 /* UIView+BXHMyView.m in Sources */,
				A6FDDCB21F4D269E00C86620 /* BXHSlideShowItem.m in Sources */,
				A6FDDCA01F4D22F800C86620 /* ViewController.m in Sources */,
				A6FDDCB51F4D26AC00C86620 /* BXHSlideShowView.m in Sources */,
				A6FDDC9D1F4D22F800C86620 /* AppDelegate.m in Sources */,
				A6FDDC9A1F4D22F800C86620 /* main.m in Sources */,
				A6FDDCC51F4D694700C86620 /* NSTimer+Addition.m in Sources */,
				A6FDDCBB1F4D5C7300C86620 /* MyImageItem.m in Sources */,
			);
			runOnlyForDeploymentPostprocessing = 0;
		};
/* End PBXSourcesBuildPhase section */

/* Begin PBXVariantGroup section */
		A6FDDCA11F4D22F800C86620 /* Main.storyboard */ = {
			isa = PBXVariantGroup;
			children = (
				A6FDDCA21F4D22F800C86620 /* Base */,
			);
			name = Main.storyboard;
			sourceTree = "<group>";
		};
		A6FDDCA61F4D22F800C86620 /* LaunchScreen.storyboard */ = {
			isa = PBXVariantGroup;
			children = (
				A6FDDCA71F4D22F800C86620 /* Base */,
			);
			name = LaunchScreen.storyboard;
			sourceTree = "<group>";
		};
/* End PBXVariantGroup section */

/* Begin XCBuildConfiguration section */
		A6FDDCAA1F4D22F800C86620 /* Debug */ = {
			isa = XCBuildConfiguration;
			buildSettings = {
				ALWAYS_SEARCH_USER_PATHS = NO;
				CLANG_ANALYZER_NONNULL = YES;
				CLANG_ANALYZER_NUMBER_OBJECT_CONVERSION = YES_AGGRESSIVE;
				CLANG_CXX_LANGUAGE_STANDARD = "gnu++0x";
				CLANG_CXX_LIBRARY = "libc++";
				CLANG_ENABLE_MODULES = YES;
				CLANG_ENABLE_OBJC_ARC = YES;
				CLANG_WARN_BOOL_CONVERSION = YES;
				CLANG_WARN_CONSTANT_CONVERSION = YES;
				CLANG_WARN_DIRECT_OBJC_ISA_USAGE = YES_ERROR;
				CLANG_WARN_DOCUMENTATION_COMMENTS = YES;
				CLANG_WARN_EMPTY_BODY = YES;
				CLANG_WARN_ENUM_CONVERSION = YES;
				CLANG_WARN_INFINITE_RECURSION = YES;
				CLANG_WARN_INT_CONVERSION = YES;
				CLANG_WARN_OBJC_ROOT_CLASS = YES_ERROR;
				CLANG_WARN_SUSPICIOUS_MOVE = YES;
				CLANG_WARN_UNREACHABLE_CODE = YES;
				CLANG_WARN__DUPLICATE_METHOD_MATCH = YES;
				"CODE_SIGN_IDENTITY[sdk=iphoneos*]" = "iPhone Developer";
				COPY_PHASE_STRIP = NO;
				DEBUG_INFORMATION_FORMAT = dwarf;
				ENABLE_STRICT_OBJC_MSGSEND = YES;
				ENABLE_TESTABILITY = YES;
				GCC_C_LANGUAGE_STANDARD = gnu99;
				GCC_DYNAMIC_NO_PIC = NO;
				GCC_NO_COMMON_BLOCKS = YES;
				GCC_OPTIMIZATION_LEVEL = 0;
				GCC_PREPROCESSOR_DEFINITIONS = (
					"DEBUG=1",
					"$(inherited)",
				);
				GCC_WARN_64_TO_32_BIT_CONVERSION = YES;
				GCC_WARN_ABOUT_RETURN_TYPE = YES_ERROR;
				GCC_WARN_UNDECLARED_SELECTOR = YES;
				GCC_WARN_UNINITIALIZED_AUTOS = YES_AGGRESSIVE;
				GCC_WARN_UNUSED_FUNCTION = YES;
				GCC_WARN_UNUSED_VARIABLE = YES;
				IPHONEOS_DEPLOYMENT_TARGET = 10.3;
				MTL_ENABLE_DEBUG_INFO = YES;
				ONLY_ACTIVE_ARCH = YES;
				SDKROOT = iphoneos;
			};
			name = Debug;
		};
		A6FDDCAB1F4D22F800C86620 /* Release */ = {
			isa = XCBuildConfiguration;
			buildSettings = {
				ALWAYS_SEARCH_USER_PATHS = NO;
				CLANG_ANALYZER_NONNULL = YES;
				CLANG_ANALYZER_NUMBER_OBJECT_CONVERSION = YES_AGGRESSIVE;
				CLANG_CXX_LANGUAGE_STANDARD = "gnu++0x";
				CLANG_CXX_LIBRARY = "libc++";
				CLANG_ENABLE_MODULES = YES;
				CLANG_ENABLE_OBJC_ARC = YES;
				CLANG_WARN_BOOL_CONVERSION = YES;
				CLANG_WARN_CONSTANT_CONVERSION = YES;
				CLANG_WARN_DIRECT_OBJC_ISA_USAGE = YES_ERROR;
				CLANG_WARN_DOCUMENTATION_COMMENTS = YES;
				CLANG_WARN_EMPTY_BODY = YES;
				CLANG_WARN_ENUM_CONVERSION = YES;
				CLANG_WARN_INFINITE_RECURSION = YES;
				CLANG_WARN_INT_CONVERSION = YES;
				CLANG_WARN_OBJC_ROOT_CLASS = YES_ERROR;
				CLANG_WARN_SUSPICIOUS_MOVE = YES;
				CLANG_WARN_UNREACHABLE_CODE = YES;
				CLANG_WARN__DUPLICATE_METHOD_MATCH = YES;
				"CODE_SIGN_IDENTITY[sdk=iphoneos*]" = "iPhone Developer";
				COPY_PHASE_STRIP = NO;
				DEBUG_INFORMATION_FORMAT = "dwarf-with-dsym";
				ENABLE_NS_ASSERTIONS = NO;
				ENABLE_STRICT_OBJC_MSGSEND = YES;
				GCC_C_LANGUAGE_STANDARD = gnu99;
				GCC_NO_COMMON_BLOCKS = YES;
				GCC_WARN_64_TO_32_BIT_CONVERSION = YES;
				GCC_WARN_ABOUT_RETURN_TYPE = YES_ERROR;
				GCC_WARN_UNDECLARED_SELECTOR = YES;
				GCC_WARN_UNINITIALIZED_AUTOS = YES_AGGRESSIVE;
				GCC_WARN_UNUSED_FUNCTION = YES;
				GCC_WARN_UNUSED_VARIABLE = YES;
				IPHONEOS_DEPLOYMENT_TARGET = 10.3;
				MTL_ENABLE_DEBUG_INFO = NO;
				SDKROOT = iphoneos;
				VALIDATE_PRODUCT = YES;
			};
			name = Release;
		};
		A6FDDCAD1F4D22F800C86620 /* Debug */ = {
			isa = XCBuildConfiguration;
			buildSettings = {
				ASSETCATALOG_COMPILER_APPICON_NAME = AppIcon;
				DEVELOPMENT_TEAM = "";
				FRAMEWORK_SEARCH_PATHS = (
					"$(inherited)",
					"$(PROJECT_DIR)/BXHSlideshow",
				);
				INFOPLIST_FILE = BXHSlideshow/Info.plist;
				LD_RUNPATH_SEARCH_PATHS = "$(inherited) @executable_path/Frameworks";
				OTHER_LDFLAGS = "-ObjC";
				PRODUCT_BUNDLE_IDENTIFIER = Com.bxxhWork.project.BXHSlideshow;
				PRODUCT_NAME = "$(TARGET_NAME)";
				PROVISIONING_PROFILE_SPECIFIER = "";
			};
			name = Debug;
		};
		A6FDDCAE1F4D22F800C86620 /* Release */ = {
			isa = XCBuildConfiguration;
			buildSettings = {
				ASSETCATALOG_COMPILER_APPICON_NAME = AppIcon;
				DEVELOPMENT_TEAM = "";
				FRAMEWORK_SEARCH_PATHS = (
					"$(inherited)",
					"$(PROJECT_DIR)/BXHSlideshow",
				);
				INFOPLIST_FILE = BXHSlideshow/Info.plist;
				LD_RUNPATH_SEARCH_PATHS = "$(inherited) @executable_path/Frameworks";
				OTHER_LDFLAGS = "-ObjC";
				PRODUCT_BUNDLE_IDENTIFIER = Com.bxxhWork.project.BXHSlideshow;
				PRODUCT_NAME = "$(TARGET_NAME)";
				PROVISIONING_PROFILE_SPECIFIER = "";
			};
			name = Release;
		};
/* End XCBuildConfiguration section */

/* Begin XCConfigurationList section */
		A6FDDC901F4D22F800C86620 /* Build configuration list for PBXProject "BXHSlideshow" */ = {
			isa = XCConfigurationList;
			buildConfigurations = (
				A6FDDCAA1F4D22F800C86620 /* Debug */,
				A6FDDCAB1F4D22F800C86620 /* Release */,
			);
			defaultConfigurationIsVisible = 0;
			defaultConfigurationName = Release;
		};
		A6FDDCAC1F4D22F800C86620 /* Build configuration list for PBXNativeTarget "BXHSlideshow" */ = {
			isa = XCConfigurationList;
			buildConfigurations = (
				A6FDDCAD1F4D22F800C86620 /* Debug */,
				A6FDDCAE1F4D22F800C86620 /* Release */,
			);
			defaultConfigurationIsVisible = 0;
		};
/* End XCConfigurationList section */
	};
	rootObject = A6FDDC8D1F4D22F800C86620 /* Project object */;
}
